{
  "name": "mega-aide",
  "version": "0.3.4",
  "lockfileVersion": 2,
  "requires": true,
  "packages": {
    "": {
      "name": "mega-aide",
      "version": "0.3.4",
      "license": "MIT",
      "dependencies": {
        "ack-css-boot": "^3.0.13"
      }
    },
    "../../../web/angular/ack-angular-components/src": {
      "name": "ack-angular-components",
      "version": "4.1.29",
      "extraneous": true,
      "license": "MIT",
      "dependencies": {
        "@types/estree": "^0.0.47"
      },
      "devDependencies": {
        "@angular-devkit/build-angular": "~14.2.4",
        "@angular/animations": "^14.2.4",
        "@angular/cli": "^14.2.4",
        "@angular/common": "^14.2.4",
        "@angular/compiler": "^14.2.4",
        "@angular/compiler-cli": "^14.2.4",
        "@angular/core": "^14.2.4",
        "@angular/forms": "^14.2.4",
        "@angular/platform-browser": "^14.2.4",
        "@angular/platform-browser-dynamic": "^14.2.4",
        "@angular/router": "^14.2.4",
        "@types/jasmine": "^4.3.0",
        "@types/wicg-file-system-access": "^2020.9.5",
        "ack-angular": "^4.1.2",
        "classlist-polyfill": "^1.2.0",
        "jasmine": "^4.4.0",
        "karma": "^6.4.1",
        "karma-chrome-launcher": "^3.1.1",
        "karma-coverage-istanbul-reporter": "^3.0.3",
        "karma-jasmine": "^5.1.0",
        "karma-jasmine-html-reporter": "^2.0.0",
        "karma-phantomjs-launcher": "^1.0.4",
        "ng-packagr": "^14.2.1",
        "ngx-page-scroll": "^9.0.0",
        "ngx-page-scroll-core": "^9.0.0",
        "npm-run-all": "^4.1.5",
        "reflect-metadata": "^0.1.13",
        "rxjs": "^7.5.7",
        "ts-helpers": "^1.1.2",
        "ts-node": "^10.9.1",
        "tslib": "^2.4.0",
        "typescript": "4.8.4",
        "webpack-bundle-analyzer": "^4.6.1",
        "zone.js": "~0.11.8"
      },
      "peerDependencies": {
        "@angular/common": ">=14.2.4",
        "@angular/core": ">=14.2.4",
        "ack-angular": ">=4.1.2"
      }
    },
    "node_modules/ack-css-boot": {
      "version": "3.0.13",
      "resolved": "https://registry.npmjs.org/ack-css-boot/-/ack-css-boot-3.0.13.tgz",
      "integrity": "sha512-0/Gq7TAGvaBC2/QLlTG5jvTgny+eBFIyfm8wrvlqG/qTpMXB4pkXNVLCi/xrMgvANU/U4TSpq6Ghm1FjYcIQ+g=="
    }
  },
  "dependencies": {
    "ack-css-boot": {
      "version": "3.0.13",
      "resolved": "https://registry.npmjs.org/ack-css-boot/-/ack-css-boot-3.0.13.tgz",
      "integrity": "sha512-0/Gq7TAGvaBC2/QLlTG5jvTgny+eBFIyfm8wrvlqG/qTpMXB4pkXNVLCi/xrMgvANU/U4TSpq6Ghm1FjYcIQ+g=="
    }
  }
}
