{
  "name": "mega-aide",
  "version": "0.4.1",
  "lockfileVersion": 2,
  "requires": true,
  "packages": {
    "": {
      "name": "mega-aide",
      "version": "0.4.1",
      "license": "MIT",
      "dependencies": {
        "ack-angular-components": "^4.1.33",
        "ack-css-boot": "^3.0.13"
      }
    },
    "../../../web/angular/ack-angular-components/src": {
      "name": "ack-angular-components",
      "version": "4.1.29",
      "extraneous": true,
      "license": "MIT",
      "dependencies": {
        "@types/estree": "^0.0.47"
      },
      "devDependencies": {
        "@angular-devkit/build-angular": "~14.2.4",
        "@angular/animations": "^14.2.4",
        "@angular/cli": "^14.2.4",
        "@angular/common": "^14.2.4",
        "@angular/compiler": "^14.2.4",
        "@angular/compiler-cli": "^14.2.4",
        "@angular/core": "^14.2.4",
        "@angular/forms": "^14.2.4",
        "@angular/platform-browser": "^14.2.4",
        "@angular/platform-browser-dynamic": "^14.2.4",
        "@angular/router": "^14.2.4",
        "@types/jasmine": "^4.3.0",
        "@types/wicg-file-system-access": "^2020.9.5",
        "ack-angular": "^4.1.2",
        "classlist-polyfill": "^1.2.0",
        "jasmine": "^4.4.0",
        "karma": "^6.4.1",
        "karma-chrome-launcher": "^3.1.1",
        "karma-coverage-istanbul-reporter": "^3.0.3",
        "karma-jasmine": "^5.1.0",
        "karma-jasmine-html-reporter": "^2.0.0",
        "karma-phantomjs-launcher": "^1.0.4",
        "ng-packagr": "^14.2.1",
        "ngx-page-scroll": "^9.0.0",
        "ngx-page-scroll-core": "^9.0.0",
        "npm-run-all": "^4.1.5",
        "reflect-metadata": "^0.1.13",
        "rxjs": "^7.5.7",
        "ts-helpers": "^1.1.2",
        "ts-node": "^10.9.1",
        "tslib": "^2.4.0",
        "typescript": "4.8.4",
        "webpack-bundle-analyzer": "^4.6.1",
        "zone.js": "~0.11.8"
      },
      "peerDependencies": {
        "@angular/common": ">=14.2.4",
        "@angular/core": ">=14.2.4",
        "ack-angular": ">=4.1.2"
      }
    },
    "node_modules/@angular/animations": {
      "version": "16.2.7",
      "resolved": "https://registry.npmjs.org/@angular/animations/-/animations-16.2.7.tgz",
      "integrity": "sha512-6GM4xFprTjDN71nRF6a2Nq3xS/b69tk2mOpcXZeTvxl6b/hqUo1l0y1eY1XK211cwm36GtSjq2cHJAIRBT3CiA==",
      "peer": true,
      "dependencies": {
        "tslib": "^2.3.0"
      },
      "engines": {
        "node": "^16.14.0 || >=18.10.0"
      },
      "peerDependencies": {
        "@angular/core": "16.2.7"
      }
    },
    "node_modules/@angular/common": {
      "version": "16.2.7",
      "resolved": "https://registry.npmjs.org/@angular/common/-/common-16.2.7.tgz",
      "integrity": "sha512-vcKbbtDXNmJ8dj1GF52saJRT5U3P+phnIwnv+hQ2c+VVj/S2alWlBkT12iM+KlvnWdxsa0q4yW0G4WvpPJPaMQ==",
      "peer": true,
      "dependencies": {
        "tslib": "^2.3.0"
      },
      "engines": {
        "node": "^16.14.0 || >=18.10.0"
      },
      "peerDependencies": {
        "@angular/core": "16.2.7",
        "rxjs": "^6.5.3 || ^7.4.0"
      }
    },
    "node_modules/@angular/core": {
      "version": "16.2.7",
      "resolved": "https://registry.npmjs.org/@angular/core/-/core-16.2.7.tgz",
      "integrity": "sha512-JQOxo+Ja9ThQjUa4vdOMLZfIK2dhR3cnPbqB1tV2WuTmIv49QASbFHsae8zZsS4Au5/TafBaW3KkK9aRU8G5gg==",
      "peer": true,
      "dependencies": {
        "tslib": "^2.3.0"
      },
      "engines": {
        "node": "^16.14.0 || >=18.10.0"
      },
      "peerDependencies": {
        "rxjs": "^6.5.3 || ^7.4.0",
        "zone.js": "~0.13.0"
      }
    },
    "node_modules/@angular/platform-browser": {
      "version": "16.2.7",
      "resolved": "https://registry.npmjs.org/@angular/platform-browser/-/platform-browser-16.2.7.tgz",
      "integrity": "sha512-yQ/4FB33Jc1Xs+slWfddZpbKdkCHdhCh39Mfjxa1wTen6YJZKmvjBbMNCkvnvNbLqc2IFWRwTQdG8s0n1jfl3A==",
      "peer": true,
      "dependencies": {
        "tslib": "^2.3.0"
      },
      "engines": {
        "node": "^16.14.0 || >=18.10.0"
      },
      "peerDependencies": {
        "@angular/animations": "16.2.7",
        "@angular/common": "16.2.7",
        "@angular/core": "16.2.7"
      },
      "peerDependenciesMeta": {
        "@angular/animations": {
          "optional": true
        }
      }
    },
    "node_modules/@angular/router": {
      "version": "16.2.7",
      "resolved": "https://registry.npmjs.org/@angular/router/-/router-16.2.7.tgz",
      "integrity": "sha512-CYhbhOqmBIraWjSzpiIZXV0JEx2fNAtRphQ5L/xdzU7G644+4v73SSQddoeX6l0FBkw2gqTisxr9w8/A6s2eCw==",
      "peer": true,
      "dependencies": {
        "tslib": "^2.3.0"
      },
      "engines": {
        "node": "^16.14.0 || >=18.10.0"
      },
      "peerDependencies": {
        "@angular/common": "16.2.7",
        "@angular/core": "16.2.7",
        "@angular/platform-browser": "16.2.7",
        "rxjs": "^6.5.3 || ^7.4.0"
      }
    },
    "node_modules/@types/estree": {
      "version": "0.0.47",
      "resolved": "https://registry.npmjs.org/@types/estree/-/estree-0.0.47.tgz",
      "integrity": "sha512-c5ciR06jK8u9BstrmJyO97m+klJrrhCf9u3rLu3DEAJBirxRqSCvDQoYKmxuYwQI5SZChAWu+tq9oVlGRuzPAg=="
    },
    "node_modules/ack-angular": {
      "version": "4.1.7",
      "resolved": "https://registry.npmjs.org/ack-angular/-/ack-angular-4.1.7.tgz",
      "integrity": "sha512-2G35qYIVaclzdC8W+1QF0BWU1xVD/fUD1zMAPNKxtt0QkJEYTn52O2MvPfYzi21NwYDoaPAeo9Z66dGzgiUX0A==",
      "peer": true,
      "dependencies": {
        "@types/estree": "^0.0.47"
      },
      "peerDependencies": {
        "@angular/common": ">=14.2.4",
        "@angular/core": ">=14.2.4",
        "@angular/router": ">=14.2.4",
        "ack-angular-fx": ">=4.2.1",
        "ack-css-boot": ">=3.0.10",
        "ack-x": ">=3.0.2",
        "animate.css": ">=4.1.1",
        "csshake": ">=1.7.0"
      }
    },
    "node_modules/ack-angular-components": {
      "version": "4.1.33",
      "resolved": "https://registry.npmjs.org/ack-angular-components/-/ack-angular-components-4.1.33.tgz",
      "integrity": "sha512-lK+jjTLEvU2t4MN1KsfF/ilS3oRTKEyyG6M8mQSGdCSfd89iHZufdPgZiHJ+FKb++NXk2KesPoKX5oJuzosQwA==",
      "dependencies": {
        "@types/estree": "^0.0.47"
      },
      "peerDependencies": {
        "@angular/common": ">=14.2.4",
        "@angular/core": ">=14.2.4",
        "ack-angular": ">=4.1.2"
      }
    },
    "node_modules/ack-angular-fx": {
      "version": "5.0.2",
      "resolved": "https://registry.npmjs.org/ack-angular-fx/-/ack-angular-fx-5.0.2.tgz",
      "integrity": "sha512-EadlcHBXiQ5AlPZaXxHcT+tAvcAT9OVvS/akTqozrmFI3ULMuQJWSQKB3w92U9jVIukyclIkxAFTq0SeLebmHA==",
      "peer": true,
      "bin": {
        "ack-angular-fx": "bin/bin-src/cli.js"
      },
      "peerDependencies": {
        "@angular/animations": ">=9.1.7",
        "@angular/common": ">=9.1.7",
        "@angular/core": ">=9.1.7",
        "@angular/router": ">=9.1.7"
      }
    },
    "node_modules/ack-css-boot": {
      "version": "3.0.13",
      "resolved": "https://registry.npmjs.org/ack-css-boot/-/ack-css-boot-3.0.13.tgz",
      "integrity": "sha512-0/Gq7TAGvaBC2/QLlTG5jvTgny+eBFIyfm8wrvlqG/qTpMXB4pkXNVLCi/xrMgvANU/U4TSpq6Ghm1FjYcIQ+g=="
    },
    "node_modules/ack-x": {
      "version": "3.0.2",
      "resolved": "https://registry.npmjs.org/ack-x/-/ack-x-3.0.2.tgz",
      "integrity": "sha512-/+usr3yhcgMz1Cf6GGvGfCAs/AwMm65YWs9v3UpeyLjUCu0eP6pabH3ihbDkzOGVWO9ZIahcFfTJRVfOzQSJ3Q==",
      "peer": true,
      "dependencies": {
        "moment-mini": "^2.29.4"
      }
    },
    "node_modules/animate.css": {
      "version": "4.1.1",
      "resolved": "https://registry.npmjs.org/animate.css/-/animate.css-4.1.1.tgz",
      "integrity": "sha512-+mRmCTv6SbCmtYJCN4faJMNFVNN5EuCTTprDTAo7YzIGji2KADmakjVA3+8mVDkZ2Bf09vayB35lSQIex2+QaQ==",
      "peer": true
    },
    "node_modules/csshake": {
      "version": "1.7.0",
      "resolved": "https://registry.npmjs.org/csshake/-/csshake-1.7.0.tgz",
      "integrity": "sha512-J8YPxrFmhNCK/sgoiWwbPDmUPramnEts8E9OZ6hdfh8z5wDjdIfVH0VgUz8HU5px5JpyLgnvPon6L3cmGef8TA==",
      "peer": true
    },
    "node_modules/moment-mini": {
      "version": "2.29.4",
      "resolved": "https://registry.npmjs.org/moment-mini/-/moment-mini-2.29.4.tgz",
      "integrity": "sha512-uhXpYwHFeiTbY9KSgPPRoo1nt8OxNVdMVoTBYHfSEKeRkIkwGpO+gERmhuhBtzfaeOyTkykSrm2+noJBgqt3Hg==",
      "peer": true
    },
    "node_modules/rxjs": {
      "version": "7.8.1",
      "resolved": "https://registry.npmjs.org/rxjs/-/rxjs-7.8.1.tgz",
      "integrity": "sha512-AA3TVj+0A2iuIoQkWEK/tqFjBq2j+6PO6Y0zJcvzLAFhEFIO3HL0vls9hWLncZbAAbK0mar7oZ4V079I/qPMxg==",
      "peer": true,
      "dependencies": {
        "tslib": "^2.1.0"
      }
    },
    "node_modules/tslib": {
      "version": "2.6.2",
      "resolved": "https://registry.npmjs.org/tslib/-/tslib-2.6.2.tgz",
      "integrity": "sha512-AEYxH93jGFPn/a2iVAwW87VuUIkR1FVUKB77NwMF7nBTDkDrrT/Hpt/IrCJ0QXhW27jTBDcf5ZY7w6RiqTMw2Q==",
      "peer": true
    },
    "node_modules/zone.js": {
      "version": "0.13.3",
      "resolved": "https://registry.npmjs.org/zone.js/-/zone.js-0.13.3.tgz",
      "integrity": "sha512-MKPbmZie6fASC/ps4dkmIhaT5eonHkEt6eAy80K42tAm0G2W+AahLJjbfi6X9NPdciOE9GRFTTM8u2IiF6O3ww==",
      "peer": true,
      "dependencies": {
        "tslib": "^2.3.0"
      }
    }
  },
  "dependencies": {
    "@angular/animations": {
      "version": "16.2.7",
      "resolved": "https://registry.npmjs.org/@angular/animations/-/animations-16.2.7.tgz",
      "integrity": "sha512-6GM4xFprTjDN71nRF6a2Nq3xS/b69tk2mOpcXZeTvxl6b/hqUo1l0y1eY1XK211cwm36GtSjq2cHJAIRBT3CiA==",
      "peer": true,
      "requires": {
        "tslib": "^2.3.0"
      }
    },
    "@angular/common": {
      "version": "16.2.7",
      "resolved": "https://registry.npmjs.org/@angular/common/-/common-16.2.7.tgz",
      "integrity": "sha512-vcKbbtDXNmJ8dj1GF52saJRT5U3P+phnIwnv+hQ2c+VVj/S2alWlBkT12iM+KlvnWdxsa0q4yW0G4WvpPJPaMQ==",
      "peer": true,
      "requires": {
        "tslib": "^2.3.0"
      }
    },
    "@angular/core": {
      "version": "16.2.7",
      "resolved": "https://registry.npmjs.org/@angular/core/-/core-16.2.7.tgz",
      "integrity": "sha512-JQOxo+Ja9ThQjUa4vdOMLZfIK2dhR3cnPbqB1tV2WuTmIv49QASbFHsae8zZsS4Au5/TafBaW3KkK9aRU8G5gg==",
      "peer": true,
      "requires": {
        "tslib": "^2.3.0"
      }
    },
    "@angular/platform-browser": {
      "version": "16.2.7",
      "resolved": "https://registry.npmjs.org/@angular/platform-browser/-/platform-browser-16.2.7.tgz",
      "integrity": "sha512-yQ/4FB33Jc1Xs+slWfddZpbKdkCHdhCh39Mfjxa1wTen6YJZKmvjBbMNCkvnvNbLqc2IFWRwTQdG8s0n1jfl3A==",
      "peer": true,
      "requires": {
        "tslib": "^2.3.0"
      }
    },
    "@angular/router": {
      "version": "16.2.7",
      "resolved": "https://registry.npmjs.org/@angular/router/-/router-16.2.7.tgz",
      "integrity": "sha512-CYhbhOqmBIraWjSzpiIZXV0JEx2fNAtRphQ5L/xdzU7G644+4v73SSQddoeX6l0FBkw2gqTisxr9w8/A6s2eCw==",
      "peer": true,
      "requires": {
        "tslib": "^2.3.0"
      }
    },
    "@types/estree": {
      "version": "0.0.47",
      "resolved": "https://registry.npmjs.org/@types/estree/-/estree-0.0.47.tgz",
      "integrity": "sha512-c5ciR06jK8u9BstrmJyO97m+klJrrhCf9u3rLu3DEAJBirxRqSCvDQoYKmxuYwQI5SZChAWu+tq9oVlGRuzPAg=="
    },
    "ack-angular": {
      "version": "4.1.7",
      "resolved": "https://registry.npmjs.org/ack-angular/-/ack-angular-4.1.7.tgz",
      "integrity": "sha512-2G35qYIVaclzdC8W+1QF0BWU1xVD/fUD1zMAPNKxtt0QkJEYTn52O2MvPfYzi21NwYDoaPAeo9Z66dGzgiUX0A==",
      "peer": true,
      "requires": {
        "@types/estree": "^0.0.47"
      }
    },
    "ack-angular-components": {
      "version": "4.1.33",
      "resolved": "https://registry.npmjs.org/ack-angular-components/-/ack-angular-components-4.1.33.tgz",
      "integrity": "sha512-lK+jjTLEvU2t4MN1KsfF/ilS3oRTKEyyG6M8mQSGdCSfd89iHZufdPgZiHJ+FKb++NXk2KesPoKX5oJuzosQwA==",
      "requires": {
        "@types/estree": "^0.0.47"
      }
    },
    "ack-angular-fx": {
      "version": "5.0.2",
      "resolved": "https://registry.npmjs.org/ack-angular-fx/-/ack-angular-fx-5.0.2.tgz",
      "integrity": "sha512-EadlcHBXiQ5AlPZaXxHcT+tAvcAT9OVvS/akTqozrmFI3ULMuQJWSQKB3w92U9jVIukyclIkxAFTq0SeLebmHA==",
      "peer": true,
      "requires": {}
    },
    "ack-css-boot": {
      "version": "3.0.13",
      "resolved": "https://registry.npmjs.org/ack-css-boot/-/ack-css-boot-3.0.13.tgz",
      "integrity": "sha512-0/Gq7TAGvaBC2/QLlTG5jvTgny+eBFIyfm8wrvlqG/qTpMXB4pkXNVLCi/xrMgvANU/U4TSpq6Ghm1FjYcIQ+g=="
    },
    "ack-x": {
      "version": "3.0.2",
      "resolved": "https://registry.npmjs.org/ack-x/-/ack-x-3.0.2.tgz",
      "integrity": "sha512-/+usr3yhcgMz1Cf6GGvGfCAs/AwMm65YWs9v3UpeyLjUCu0eP6pabH3ihbDkzOGVWO9ZIahcFfTJRVfOzQSJ3Q==",
      "peer": true,
      "requires": {
        "moment-mini": "^2.29.4"
      }
    },
    "animate.css": {
      "version": "4.1.1",
      "resolved": "https://registry.npmjs.org/animate.css/-/animate.css-4.1.1.tgz",
      "integrity": "sha512-+mRmCTv6SbCmtYJCN4faJMNFVNN5EuCTTprDTAo7YzIGji2KADmakjVA3+8mVDkZ2Bf09vayB35lSQIex2+QaQ==",
      "peer": true
    },
    "csshake": {
      "version": "1.7.0",
      "resolved": "https://registry.npmjs.org/csshake/-/csshake-1.7.0.tgz",
      "integrity": "sha512-J8YPxrFmhNCK/sgoiWwbPDmUPramnEts8E9OZ6hdfh8z5wDjdIfVH0VgUz8HU5px5JpyLgnvPon6L3cmGef8TA==",
      "peer": true
    },
    "moment-mini": {
      "version": "2.29.4",
      "resolved": "https://registry.npmjs.org/moment-mini/-/moment-mini-2.29.4.tgz",
      "integrity": "sha512-uhXpYwHFeiTbY9KSgPPRoo1nt8OxNVdMVoTBYHfSEKeRkIkwGpO+gERmhuhBtzfaeOyTkykSrm2+noJBgqt3Hg==",
      "peer": true
    },
    "rxjs": {
      "version": "7.8.1",
      "resolved": "https://registry.npmjs.org/rxjs/-/rxjs-7.8.1.tgz",
      "integrity": "sha512-AA3TVj+0A2iuIoQkWEK/tqFjBq2j+6PO6Y0zJcvzLAFhEFIO3HL0vls9hWLncZbAAbK0mar7oZ4V079I/qPMxg==",
      "peer": true,
      "requires": {
        "tslib": "^2.1.0"
      }
    },
    "tslib": {
      "version": "2.6.2",
      "resolved": "https://registry.npmjs.org/tslib/-/tslib-2.6.2.tgz",
      "integrity": "sha512-AEYxH93jGFPn/a2iVAwW87VuUIkR1FVUKB77NwMF7nBTDkDrrT/Hpt/IrCJ0QXhW27jTBDcf5ZY7w6RiqTMw2Q==",
      "peer": true
    },
    "zone.js": {
      "version": "0.13.3",
      "resolved": "https://registry.npmjs.org/zone.js/-/zone.js-0.13.3.tgz",
      "integrity": "sha512-MKPbmZie6fASC/ps4dkmIhaT5eonHkEt6eAy80K42tAm0G2W+AahLJjbfi6X9NPdciOE9GRFTTM8u2IiF6O3ww==",
      "peer": true,
      "requires": {
        "tslib": "^2.3.0"
      }
    }
  }
}
